
Microsoft Visual Studio Solution File, Format Version 12.00
# Visual Studio Version 16
VisualStudioVersion = 16.0.32126.315
MinimumVisualStudioVersion = 10.0.40219.1
Project("{F184B08F-C81C-45F6-A57F-5ABD9991F28F}") = "PrjFaces", "PrjFaces.vbproj", "{6538540F-0AD0-4831-9099-C91847319C10}"
EndProject
Project("{F184B08F-C81C-45F6-A57F-5ABD9991F28F}") = "PrjTest", "..\PrjTest\PrjTest.vbproj", "{7D2DB51C-4014-4B34-9C74-BE9928B466DA}"
EndProject
Project("{F184B08F-C81C-45F6-A57F-5ABD9991F28F}") = "UBulb", "..\UBulb\UBulb.vbproj", "{00A5560B-2345-4C7A-8A43-5E4A0D3DEBDD}"
EndProject
Project("{F184B08F-C81C-45F6-A57F-5ABD9991F28F}") = "USwitch", "..\USwitch\USwitch.vbproj", "{B30D6B63-BBE5-4025-AD9C-E8F65F08B552}"
EndProject
Global
	GlobalSection(SolutionConfigurationPlatforms) = preSolution
		Debug|Any CPU = Debug|Any CPU
		Release|Any CPU = Release|Any CPU
	EndGlobalSection
	GlobalSection(ProjectConfigurationPlatforms) = postSolution
		{6538540F-0AD0-4831-9099-C91847319C10}.Debug|Any CPU.ActiveCfg = Debug|Any CPU
		{6538540F-0AD0-4831-9099-C91847319C10}.Debug|Any CPU.Build.0 = Debug|Any CPU
		{6538540F-0AD0-4831-9099-C91847319C10}.Release|Any CPU.ActiveCfg = Release|Any CPU
		{6538540F-0AD0-4831-9099-C91847319C10}.Release|Any CPU.Build.0 = Release|Any CPU
		{7D2DB51C-4014-4B34-9C74-BE9928B466DA}.Debug|Any CPU.ActiveCfg = Debug|Any CPU
		{7D2DB51C-4014-4B34-9C74-BE9928B466DA}.Debug|Any CPU.Build.0 = Debug|Any CPU
		{7D2DB51C-4014-4B34-9C74-BE9928B466DA}.Release|Any CPU.ActiveCfg = Release|Any CPU
		{7D2DB51C-4014-4B34-9C74-BE9928B466DA}.Release|Any CPU.Build.0 = Release|Any CPU
		{00A5560B-2345-4C7A-8A43-5E4A0D3DEBDD}.Debug|Any CPU.ActiveCfg = Debug|Any CPU
		{00A5560B-2345-4C7A-8A43-5E4A0D3DEBDD}.Debug|Any CPU.Build.0 = Debug|Any CPU
		{00A5560B-2345-4C7A-8A43-5E4A0D3DEBDD}.Release|Any CPU.ActiveCfg = Release|Any CPU
		{00A5560B-2345-4C7A-8A43-5E4A0D3DEBDD}.Release|Any CPU.Build.0 = Release|Any CPU
		{B30D6B63-BBE5-4025-AD9C-E8F65F08B552}.Debug|Any CPU.ActiveCfg = Debug|Any CPU
		{B30D6B63-BBE5-4025-AD9C-E8F65F08B552}.Debug|Any CPU.Build.0 = Debug|Any CPU
		{B30D6B63-BBE5-4025-AD9C-E8F65F08B552}.Release|Any CPU.ActiveCfg = Release|Any CPU
		{B30D6B63-BBE5-4025-AD9C-E8F65F08B552}.Release|Any CPU.Build.0 = Release|Any CPU
	EndGlobalSection
	GlobalSection(SolutionProperties) = preSolution
		HideSolutionNode = FALSE
	EndGlobalSection
	GlobalSection(ExtensibilityGlobals) = postSolution
		SolutionGuid = {EC39555F-0649-4517-B6DE-FF47A64121CF}
	EndGlobalSection
EndGlobal
